
Microsoft Visual Studio Solution File, Format Version 12.00
# Visual Studio Version 16
VisualStudioVersion = 16.0.31424.327
MinimumVisualStudioVersion = 10.0.40219.1
Project("{FAE04EC0-301F-11D3-BF4B-00C04F79EFBC}") = "TestGit", "TestGit\TestGit.csproj", "{DA6A3BE2-F3DF-468B-A82B-7667DA2DA875}"
EndProject
Global
	GlobalSection(SolutionConfigurationPlatforms) = preSolution
		Debug|Any CPU = Debug|Any CPU
		Release|Any CPU = Release|Any CPU
	EndGlobalSection
	GlobalSection(ProjectConfigurationPlatforms) = postSolution
		{DA6A3BE2-F3DF-468B-A82B-7667DA2DA875}.Debug|Any CPU.ActiveCfg = Debug|Any CPU
		{DA6A3BE2-F3DF-468B-A82B-7667DA2DA875}.Debug|Any CPU.Build.0 = Debug|Any CPU
		{DA6A3BE2-F3DF-468B-A82B-7667DA2DA875}.Release|Any CPU.ActiveCfg = Release|Any CPU
		{DA6A3BE2-F3DF-468B-A82B-7667DA2DA875}.Release|Any CPU.Build.0 = Release|Any CPU
	EndGlobalSection
	GlobalSection(SolutionProperties) = preSolution
		HideSolutionNode = FALSE
	EndGlobalSection
	GlobalSection(ExtensibilityGlobals) = postSolution
		SolutionGuid = {D37F9CCE-3005-47DB-9B8A-1AF275E8BE14}
	EndGlobalSection
EndGlobal
